
Microsoft Visual Studio Solution File, Format Version 12.00
# Visual Studio Version 17
VisualStudioVersion = 17.9.34607.119
MinimumVisualStudioVersion = 10.0.40219.1
Project("{FAE04EC0-301F-11D3-BF4B-00C04F79EFBC}") = "Route.C41.MVC.PL", "Route.C41.MVC.PL\Route.C41.MVC.PL.csproj", "{5DDB912C-258A-45BA-8F94-CC6480225C5C}"
EndProject
Project("{FAE04EC0-301F-11D3-BF4B-00C04F79EFBC}") = "Route.C41.MVC.DAL", "Route.C41.MVC.DAL\Route.C41.MVC.DAL.csproj", "{5570196C-2021-42DD-9ECA-AA421F731F2E}"
EndProject
Project("{FAE04EC0-301F-11D3-BF4B-00C04F79EFBC}") = "Route.C41.MVC.BLL", "Route.C41.MVC.BLL\Route.C41.MVC.BLL.csproj", "{E4769CF7-5EF9-4C1D-977D-D644BFF2C81A}"
EndProject
Global
	GlobalSection(SolutionConfigurationPlatforms) = preSolution
		Debug|Any CPU = Debug|Any CPU
		Release|Any CPU = Release|Any CPU
	EndGlobalSection
	GlobalSection(ProjectConfigurationPlatforms) = postSolution
		{5DDB912C-258A-45BA-8F94-CC6480225C5C}.Debug|Any CPU.ActiveCfg = Debug|Any CPU
		{5DDB912C-258A-45BA-8F94-CC6480225C5C}.Debug|Any CPU.Build.0 = Debug|Any CPU
		{5DDB912C-258A-45BA-8F94-CC6480225C5C}.Release|Any CPU.ActiveCfg = Release|Any CPU
		{5DDB912C-258A-45BA-8F94-CC6480225C5C}.Release|Any CPU.Build.0 = Release|Any CPU
		{5570196C-2021-42DD-9ECA-AA421F731F2E}.Debug|Any CPU.ActiveCfg = Debug|Any CPU
		{5570196C-2021-42DD-9ECA-AA421F731F2E}.Debug|Any CPU.Build.0 = Debug|Any CPU
		{5570196C-2021-42DD-9ECA-AA421F731F2E}.Release|Any CPU.ActiveCfg = Release|Any CPU
		{5570196C-2021-42DD-9ECA-AA421F731F2E}.Release|Any CPU.Build.0 = Release|Any CPU
		{E4769CF7-5EF9-4C1D-977D-D644BFF2C81A}.Debug|Any CPU.ActiveCfg = Debug|Any CPU
		{E4769CF7-5EF9-4C1D-977D-D644BFF2C81A}.Debug|Any CPU.Build.0 = Debug|Any CPU
		{E4769CF7-5EF9-4C1D-977D-D644BFF2C81A}.Release|Any CPU.ActiveCfg = Release|Any CPU
		{E4769CF7-5EF9-4C1D-977D-D644BFF2C81A}.Release|Any CPU.Build.0 = Release|Any CPU
	EndGlobalSection
	GlobalSection(SolutionProperties) = preSolution
		HideSolutionNode = FALSE
	EndGlobalSection
	GlobalSection(ExtensibilityGlobals) = postSolution
		SolutionGuid = {BE391BF2-2208-4BD7-AD17-E279681CBD7C}
	EndGlobalSection
EndGlobal
